
Microsoft Visual Studio Solution File, Format Version 12.00
# Visual Studio Version 16
VisualStudioVersion = 16.0.31112.23
MinimumVisualStudioVersion = 10.0.40219.1
Project("{FAE04EC0-301F-11D3-BF4B-00C04F79EFBC}") = "kalkulator", "Kalkulator\kalkulator.csproj", "{5822366B-C284-42FA-BC2D-F19C9B4EF7E4}"
EndProject
Global
	GlobalSection(SolutionConfigurationPlatforms) = preSolution
		Debug|Any CPU = Debug|Any CPU
		Release|Any CPU = Release|Any CPU
	EndGlobalSection
	GlobalSection(ProjectConfigurationPlatforms) = postSolution
		{5822366B-C284-42FA-BC2D-F19C9B4EF7E4}.Debug|Any CPU.ActiveCfg = Debug|Any CPU
		{5822366B-C284-42FA-BC2D-F19C9B4EF7E4}.Debug|Any CPU.Build.0 = Debug|Any CPU
		{5822366B-C284-42FA-BC2D-F19C9B4EF7E4}.Release|Any CPU.ActiveCfg = Release|Any CPU
		{5822366B-C284-42FA-BC2D-F19C9B4EF7E4}.Release|Any CPU.Build.0 = Release|Any CPU
	EndGlobalSection
	GlobalSection(SolutionProperties) = preSolution
		HideSolutionNode = FALSE
	EndGlobalSection
	GlobalSection(ExtensibilityGlobals) = postSolution
		SolutionGuid = {F95A97CE-0878-42EB-998B-40D3DB81FCD0}
	EndGlobalSection
EndGlobal
